Microsoft Visual Studio Solution File, Format Version 12.00
# 
Project("{2150E333-8FDC-42A3-9474-1A3956D46DE8}") = "Core", "Core", "{5F7C2C69-C982-4F7B-B8D1-8B35B8C4B6D9}"
EndProject
Project("{2150E333-8FDC-42A3-9474-1A3956D46DE8}") = "Infrastructure", "Infrastructure", "{7E8C6F9D-8B8A-4B0E-8F5A-C8F6B6D8F8A7}"
EndProject
Project("{2150E333-8FDC-42A3-9474-1A3956D46DE8}") = "Presentation", "Presentation", "{9E8C6F9D-8B8A-4B0E-8F5A-C8F6B6D8F8A8}"
EndProject
Project("{FAE04EC0-301F-11D3-BF4B-00C04F79EFBC}") = "Contracts", "Core\Contracts\Contracts.csproj", "{D63B2C1D-8B8A-4B0E-8F5A-C8F6B6D8F8A9}"
EndProject
Project("{FAE04EC0-301F-11D3-BF4B-00C04F79EFBC}") = "MirraApi.Domain", "Core\MirraApi.Domain\MirraApi.Domain.csproj", "{E63B2C1D-8B8A-4B0E-8F5A-C8F6B6D8F8AA}"
EndProject
Project("{FAE04EC0-301F-11D3-BF4B-00C04F79EFBC}") = "MirraApi.Application", "Core\MirraApi.Application\MirraApi.Application.csproj", "{F63B2C1D-8B8A-4B0E-8F5A-C8F6B6D8F8AB}"
EndProject
Project("{FAE04EC0-301F-11D3-BF4B-00C04F79EFBC}") = "MirraApi.Persistance", "Infrastructure\MirraApi.Persistance\MirraApi.Persistance.csproj", "{063B2C1D-8B8A-4B0E-8F5A-C8F6B6D8F8AC}"
EndProject
Project("{FAE04EC0-301F-11D3-BF4B-00C04F79EFBC}") = "Mirra.API", "Presentation\Mirra.API\Mirra.API.csproj", "{163B2C1D-8B8A-4B0E-8F5A-C8F6B6D8F8AD}"
EndProject
Project("{2150E333-8FDC-42A3-9474-1A3956D46DE8}") = "Tests", "Tests", "{59623DBD-757A-468A-A213-D6C969B36D18}"
EndProject
Project("{FAE04EC0-301F-11D3-BF4B-00C04F79EFBC}") = "MirraApi.Tests", "Tests\MirraApi.Tests\MirraApi.Tests.csproj", "{152AEC30-81B4-420A-AA70-1AAE89D82905}"
EndProject
Global
	GlobalSection(SolutionConfigurationPlatforms) = preSolution
		Debug|Any CPU = Debug|Any CPU
		Release|Any CPU = Release|Any CPU
	EndGlobalSection
	GlobalSection(ProjectConfigurationPlatforms) = postSolution
		{D63B2C1D-8B8A-4B0E-8F5A-C8F6B6D8F8A9}.Debug|Any CPU.ActiveCfg = Debug|Any CPU
		{D63B2C1D-8B8A-4B0E-8F5A-C8F6B6D8F8A9}.Debug|Any CPU.Build.0 = Debug|Any CPU
		{D63B2C1D-8B8A-4B0E-8F5A-C8F6B6D8F8A9}.Release|Any CPU.ActiveCfg = Release|Any CPU
		{D63B2C1D-8B8A-4B0E-8F5A-C8F6B6D8F8A9}.Release|Any CPU.Build.0 = Release|Any CPU
		{E63B2C1D-8B8A-4B0E-8F5A-C8F6B6D8F8AA}.Debug|Any CPU.ActiveCfg = Debug|Any CPU
		{E63B2C1D-8B8A-4B0E-8F5A-C8F6B6D8F8AA}.Debug|Any CPU.Build.0 = Debug|Any CPU
		{E63B2C1D-8B8A-4B0E-8F5A-C8F6B6D8F8AA}.Release|Any CPU.ActiveCfg = Release|Any CPU
		{E63B2C1D-8B8A-4B0E-8F5A-C8F6B6D8F8AA}.Release|Any CPU.Build.0 = Release|Any CPU
		{F63B2C1D-8B8A-4B0E-8F5A-C8F6B6D8F8AB}.Debug|Any CPU.ActiveCfg = Debug|Any CPU
		{F63B2C1D-8B8A-4B0E-8F5A-C8F6B6D8F8AB}.Debug|Any CPU.Build.0 = Debug|Any CPU
		{F63B2C1D-8B8A-4B0E-8F5A-C8F6B6D8F8AB}.Release|Any CPU.ActiveCfg = Release|Any CPU
		{F63B2C1D-8B8A-4B0E-8F5A-C8F6B6D8F8AB}.Release|Any CPU.Build.0 = Release|Any CPU
		{063B2C1D-8B8A-4B0E-8F5A-C8F6B6D8F8AC}.Debug|Any CPU.ActiveCfg = Debug|Any CPU
		{063B2C1D-8B8A-4B0E-8F5A-C8F6B6D8F8AC}.Debug|Any CPU.Build.0 = Debug|Any CPU
		{063B2C1D-8B8A-4B0E-8F5A-C8F6B6D8F8AC}.Release|Any CPU.ActiveCfg = Release|Any CPU
		{063B2C1D-8B8A-4B0E-8F5A-C8F6B6D8F8AC}.Release|Any CPU.Build.0 = Release|Any CPU
		{163B2C1D-8B8A-4B0E-8F5A-C8F6B6D8F8AD}.Debug|Any CPU.ActiveCfg = Debug|Any CPU
		{163B2C1D-8B8A-4B0E-8F5A-C8F6B6D8F8AD}.Debug|Any CPU.Build.0 = Debug|Any CPU
		{163B2C1D-8B8A-4B0E-8F5A-C8F6B6D8F8AD}.Release|Any CPU.ActiveCfg = Release|Any CPU
		{163B2C1D-8B8A-4B0E-8F5A-C8F6B6D8F8AD}.Release|Any CPU.Build.0 = Release|Any CPU
		{152AEC30-81B4-420A-AA70-1AAE89D82905}.Debug|Any CPU.ActiveCfg = Debug|Any CPU
		{152AEC30-81B4-420A-AA70-1AAE89D82905}.Debug|Any CPU.Build.0 = Debug|Any CPU
		{152AEC30-81B4-420A-AA70-1AAE89D82905}.Release|Any CPU.ActiveCfg = Release|Any CPU
		{152AEC30-81B4-420A-AA70-1AAE89D82905}.Release|Any CPU.Build.0 = Release|Any CPU
	EndGlobalSection
	GlobalSection(NestedProjects) = preSolution
		{D63B2C1D-8B8A-4B0E-8F5A-C8F6B6D8F8A9} = {5F7C2C69-C982-4F7B-B8D1-8B35B8C4B6D9}
		{E63B2C1D-8B8A-4B0E-8F5A-C8F6B6D8F8AA} = {5F7C2C69-C982-4F7B-B8D1-8B35B8C4B6D9}
		{F63B2C1D-8B8A-4B0E-8F5A-C8F6B6D8F8AB} = {5F7C2C69-C982-4F7B-B8D1-8B35B8C4B6D9}
		{063B2C1D-8B8A-4B0E-8F5A-C8F6B6D8F8AC} = {7E8C6F9D-8B8A-4B0E-8F5A-C8F6B6D8F8A7}
		{163B2C1D-8B8A-4B0E-8F5A-C8F6B6D8F8AD} = {9E8C6F9D-8B8A-4B0E-8F5A-C8F6B6D8F8A8}
		{152AEC30-81B4-420A-AA70-1AAE89D82905} = {59623DBD-757A-468A-A213-D6C969B36D18}
	EndGlobalSection
EndGlobal
